<?xml version="1.0" encoding="utf-8"?>
<Project ToolsVersion="4.0" xmlns="http://schemas.microsoft.com/developer/msbuild/2003">
  <ItemGroup>
    <Filter Include="Aether">
      <UniqueIdentifier>{5E64E3A6-4A06-0E7D-33C1-21D11F0295CD}</UniqueIdentifier>
    </Filter>
  </ItemGroup>
  <ItemGroup>
    <ClInclude Include="src\Aether.h" />
    <ClInclude Include="src\Aether\Application.h">
      <Filter>Aether</Filter>
    </ClInclude>
    <ClInclude Include="src\Aether\Core.h">
      <Filter>Aether</Filter>
    </ClInclude>
    <ClInclude Include="src\Aether\EntryPoint.h">
      <Filter>Aether</Filter>
    </ClInclude>
    <ClInclude Include="src\Aether\Log.h">
      <Filter>Aether</Filter>
    </ClInclude>
  </ItemGroup>
  <ItemGroup>
    <ClCompile Include="src\Aether\Application.cpp">
      <Filter>Aether</Filter>
    </ClCompile>
    <ClCompile Include="src\Aether\Log.cpp">
      <Filter>Aether</Filter>
    </ClCompile>
  </ItemGroup>
</Project>